// !$*UTF8*$!
{
	archiveVersion = 1;
	classes = {
	};
	objectVersion = 50;
	objects = {

/* Begin PBXBuildFile section */
		B861342F2416C81D00F17AFB /* AppDelegate.swift in Sources */ = {isa = PBXBuildFile; fileRef = B861342E2416C81D00F17AFB /* AppDelegate.swift */; };
		B86134312416C81D00F17AFB /* SceneDelegate.swift in Sources */ = {isa = PBXBuildFile; fileRef = B86134302416C81D00F17AFB /* SceneDelegate.swift */; };
		B86134332416C81D00F17AFB /* ViewController.swift in Sources */ = {isa = PBXBuildFile; fileRef = B86134322416C81D00F17AFB /* ViewController.swift */; };
		B86134362416C81D00F17AFB /* Main.storyboard in Resources */ = {isa = PBXBuildFile; fileRef = B86134342416C81D00F17AFB /* Main.storyboard */; };
		B86134382416C81F00F17AFB /* Assets.xcassets in Resources */ = {isa = PBXBuildFile; fileRef = B86134372416C81F00F17AFB /* Assets.xcassets */; };
		B861343B2416C81F00F17AFB /* LaunchScreen.storyboard in Resources */ = {isa = PBXBuildFile; fileRef = B86134392416C81F00F17AFB /* LaunchScreen.storyboard */; };
		B86134462416C81F00F17AFB /* Klavaroj2Tests.swift in Sources */ = {isa = PBXBuildFile; fileRef = B86134452416C81F00F17AFB /* Klavaroj2Tests.swift */; };
/* End PBXBuildFile section */

/* Begin PBXContainerItemProxy section */
		B86134422416C81F00F17AFB /* PBXContainerItemProxy */ = {
			isa = PBXContainerItemProxy;
			containerPortal = B86134232416C81D00F17AFB /* Project object */;
			proxyType = 1;
			remoteGlobalIDString = B861342A2416C81D00F17AFB;
			remoteInfo = Klavaroj2;
		};
/* End PBXContainerItemProxy section */

/* Begin PBXFileReference section */
		B861342B2416C81D00F17AFB /* Klavaroj2.app */ = {isa = PBXFileReference; explicitFileType = wrapper.application; includeInIndex = 0; path = Klavaroj2.app; sourceTree = BUILT_PRODUCTS_DIR; };
		B861342E2416C81D00F17AFB /* AppDelegate.swift */ = {isa = PBXFileReference; lastKnownFileType = sourcecode.swift; path = AppDelegate.swift; sourceTree = "<group>"; };
		B86134302416C81D00F17AFB /* SceneDelegate.swift */ = {isa = PBXFileReference; lastKnownFileType = sourcecode.swift; path = SceneDelegate.swift; sourceTree = "<group>"; };
		B86134322416C81D00F17AFB /* ViewController.swift */ = {isa = PBXFileReference; lastKnownFileType = sourcecode.swift; path = ViewController.swift; sourceTree = "<group>"; };
		B86134352416C81D00F17AFB /* Base */ = {isa = PBXFileReference; lastKnownFileType = file.storyboard; name = Base; path = Base.lproj/Main.storyboard; sourceTree = "<group>"; };
		B86134372416C81F00F17AFB /* Assets.xcassets */ = {isa = PBXFileReference; lastKnownFileType = folder.assetcatalog; path = Assets.xcassets; sourceTree = "<group>"; };
		B861343A2416C81F00F17AFB /* Base */ = {isa = PBXFileReference; lastKnownFileType = file.storyboard; name = Base; path = Base.lproj/LaunchScreen.storyboard; sourceTree = "<group>"; };
		B861343C2416C81F00F17AFB /* Info.plist */ = {isa = PBXFileReference; lastKnownFileType = text.plist.xml; path = Info.plist; sourceTree = "<group>"; };
		B86134412416C81F00F17AFB /* Klavaroj2Tests.xctest */ = {isa = PBXFileReference; explicitFileType = wrapper.cfbundle; includeInIndex = 0; path = Klavaroj2Tests.xctest; sourceTree = BUILT_PRODUCTS_DIR; };
		B86134452416C81F00F17AFB /* Klavaroj2Tests.swift */ = {isa = PBXFileReference; lastKnownFileType = sourcecode.swift; path = Klavaroj2Tests.swift; sourceTree = "<group>"; };
		B86134472416C81F00F17AFB /* Info.plist */ = {isa = PBXFileReference; lastKnownFileType = text.plist.xml; path = Info.plist; sourceTree = "<group>"; };
/* End PBXFileReference section */

/* Begin PBXFrameworksBuildPhase section */
		B86134282416C81D00F17AFB /* Frameworks */ = {
			isa = PBXFrameworksBuildPhase;
			buildActionMask = 2147483647;
			files = (
			);
			runOnlyForDeploymentPostprocessing = 0;
		};
		B861343E2416C81F00F17AFB /* Frameworks */ = {
			isa = PBXFrameworksBuildPhase;
			buildActionMask = 2147483647;
			files = (
			);
			runOnlyForDeploymentPostprocessing = 0;
		};
/* End PBXFrameworksBuildPhase section */

/* Begin PBXGroup section */
		B86134222416C81D00F17AFB = {
			isa = PBXGroup;
			children = (
				B861342D2416C81D00F17AFB /* Klavaroj2 */,
				B86134442416C81F00F17AFB /* Klavaroj2Tests */,
				B861342C2416C81D00F17AFB /* Products */,
			);
			sourceTree = "<group>";
		};
		B861342C2416C81D00F17AFB /* Products */ = {
			isa = PBXGroup;
			children = (
				B861342B2416C81D00F17AFB /* Klavaroj2.app */,
				B86134412416C81F00F17AFB /* Klavaroj2Tests.xctest */,
			);
			name = Products;
			sourceTree = "<group>";
		};
		B861342D2416C81D00F17AFB /* Klavaroj2 */ = {
			isa = PBXGroup;
			children = (
				B861342E2416C81D00F17AFB /* AppDelegate.swift */,
				B86134302416C81D00F17AFB /* SceneDelegate.swift */,
				B86134322416C81D00F17AFB /* ViewController.swift */,
				B86134342416C81D00F17AFB /* Main.storyboard */,
				B86134372416C81F00F17AFB /* Assets.xcassets */,
				B86134392416C81F00F17AFB /* LaunchScreen.storyboard */,
				B861343C2416C81F00F17AFB /* Info.plist */,
			);
			path = Klavaroj2;
			sourceTree = "<group>";
		};
		B86134442416C81F00F17AFB /* Klavaroj2Tests */ = {
			isa = PBXGroup;
			children = (
				B86134452416C81F00F17AFB /* Klavaroj2Tests.swift */,
				B86134472416C81F00F17AFB /* Info.plist */,
			);
			path = Klavaroj2Tests;
			sourceTree = "<group>";
		};
/* End PBXGroup section */

/* Begin PBXNativeTarget section */
		B861342A2416C81D00F17AFB /* Klavaroj2 */ = {
			isa = PBXNativeTarget;
			buildConfigurationList = B861344A2416C81F00F17AFB /* Build configuration list for PBXNativeTarget "Klavaroj2" */;
			buildPhases = (
				B86134272416C81D00F17AFB /* Sources */,
				B86134282416C81D00F17AFB /* Frameworks */,
				B86134292416C81D00F17AFB /* Resources */,
			);
			buildRules = (
			);
			dependencies = (
			);
			name = Klavaroj2;
			productName = Klavaroj2;
			productReference = B861342B2416C81D00F17AFB /* Klavaroj2.app */;
			productType = "com.apple.product-type.application";
		};
		B86134402416C81F00F17AFB /* Klavaroj2Tests */ = {
			isa = PBXNativeTarget;
			buildConfigurationList = B861344D2416C81F00F17AFB /* Build configuration list for PBXNativeTarget "Klavaroj2Tests" */;
			buildPhases = (
				B861343D2416C81F00F17AFB /* Sources */,
				B861343E2416C81F00F17AFB /* Frameworks */,
				B861343F2416C81F00F17AFB /* Resources */,
			);
			buildRules = (
			);
			dependencies = (
				B86134432416C81F00F17AFB /* PBXTargetDependency */,
			);
			name = Klavaroj2Tests;
			productName = Klavaroj2Tests;
			productReference = B86134412416C81F00F17AFB /* Klavaroj2Tests.xctest */;
			productType = "com.apple.product-type.bundle.unit-test";
		};
/* End PBXNativeTarget section */

/* Begin PBXProject section */
		B86134232416C81D00F17AFB /* Project object */ = {
			isa = PBXProject;
			attributes = {
				LastSwiftUpdateCheck = 1130;
				LastUpgradeCheck = 1130;
				ORGANIZATIONNAME = "John Pavley";
				TargetAttributes = {
					B861342A2416C81D00F17AFB = {
						CreatedOnToolsVersion = 11.3.1;
					};
					B86134402416C81F00F17AFB = {
						CreatedOnToolsVersion = 11.3.1;
						TestTargetID = B861342A2416C81D00F17AFB;
					};
				};
			};
			buildConfigurationList = B86134262416C81D00F17AFB /* Build configuration list for PBXProject "Klavaroj2" */;
			compatibilityVersion = "Xcode 9.3";
			developmentRegion = en;
			hasScannedForEncodings = 0;
			knownRegions = (
				en,
				Base,
			);
			mainGroup = B86134222416C81D00F17AFB;
			productRefGroup = B861342C2416C81D00F17AFB /* Products */;
			projectDirPath = "";
			projectRoot = "";
			targets = (
				B861342A2416C81D00F17AFB /* Klavaroj2 */,
				B86134402416C81F00F17AFB /* Klavaroj2Tests */,
			);
		};
/* End PBXProject section */

/* Begin PBXResourcesBuildPhase section */
		B86134292416C81D00F17AFB /* Resources */ = {
			isa = PBXResourcesBuildPhase;
			buildActionMask = 2147483647;
			files = (
				B861343B2416C81F00F17AFB /* LaunchScreen.storyboard in Resources */,
				B86134382416C81F00F17AFB /* Assets.xcassets in Resources */,
				B86134362416C81D00F17AFB /* Main.storyboard in Resources */,
			);
			runOnlyForDeploymentPostprocessing = 0;
		};
		B861343F2416C81F00F17AFB /* Resources */ = {
			isa = PBXResourcesBuildPhase;
			buildActionMask = 2147483647;
			files = (
			);
			runOnlyForDeploymentPostprocessing = 0;
		};
/* End PBXResourcesBuildPhase section */

/* Begin PBXSourcesBuildPhase section */
		B86134272416C81D00F17AFB /* Sources */ = {
			isa = PBXSourcesBuildPhase;
			buildActionMask = 2147483647;
			files = (
				B86134332416C81D00F17AFB /* ViewController.swift in Sources */,
				B861342F2416C81D00F17AFB /* AppDelegate.swift in Sources */,
				B86134312416C81D00F17AFB /* SceneDelegate.swift in Sources */,
			);
			runOnlyForDeploymentPostprocessing = 0;
		};
		B861343D2416C81F00F17AFB /* Sources */ = {
			isa = PBXSourcesBuildPhase;
			buildActionMask = 2147483647;
			files = (
				B86134462416C81F00F17AFB /* Klavaroj2Tests.swift in Sources */,
			);
			runOnlyForDeploymentPostprocessing = 0;
		};
/* End PBXSourcesBuildPhase section */

/* Begin PBXTargetDependency section */
		B86134432416C81F00F17AFB /* PBXTargetDependency */ = {
			isa = PBXTargetDependency;
			target = B861342A2416C81D00F17AFB /* Klavaroj2 */;
			targetProxy = B86134422416C81F00F17AFB /* PBXContainerItemProxy */;
		};
/* End PBXTargetDependency section */

/* Begin PBXVariantGroup section */
		B86134342416C81D00F17AFB /* Main.storyboard */ = {
			isa = PBXVariantGroup;
			children = (
				B86134352416C81D00F17AFB /* Base */,
			);
			name = Main.storyboard;
			sourceTree = "<group>";
		};
		B86134392416C81F00F17AFB /* LaunchScreen.storyboard */ = {
			isa = PBXVariantGroup;
			children = (
				B861343A2416C81F00F17AFB /* Base */,
			);
			name = LaunchScreen.storyboard;
			sourceTree = "<group>";
		};
/* End PBXVariantGroup section */

/* Begin XCBuildConfiguration section */
		B86134482416C81F00F17AFB /* Debug */ = {
			isa = XCBuildConfiguration;
			buildSettings = {
				ALWAYS_SEARCH_USER_PATHS = NO;
				CLANG_ANALYZER_NONNULL = YES;
				CLANG_ANALYZER_NUMBER_OBJECT_CONVERSION = YES_AGGRESSIVE;
				CLANG_CXX_LANGUAGE_STANDARD = "gnu++14";
				CLANG_CXX_LIBRARY = "libc++";
				CLANG_ENABLE_MODULES = YES;
				CLANG_ENABLE_OBJC_ARC = YES;
				CLANG_ENABLE_OBJC_WEAK = YES;
				CLANG_WARN_BLOCK_CAPTURE_AUTORELEASING = YES;
				CLANG_WARN_BOOL_CONVERSION = YES;
				CLANG_WARN_COMMA = YES;
				CLANG_WARN_CONSTANT_CONVERSION = YES;
				CLANG_WARN_DEPRECATED_OBJC_IMPLEMENTATIONS = YES;
				CLANG_WARN_DIRECT_OBJC_ISA_USAGE = YES_ERROR;
				CLANG_WARN_DOCUMENTATION_COMMENTS = YES;
				CLANG_WARN_EMPTY_BODY = YES;
				CLANG_WARN_ENUM_CONVERSION = YES;
				CLANG_WARN_INFINITE_RECURSION = YES;
				CLANG_WARN_INT_CONVERSION = YES;
				CLANG_WARN_NON_LITERAL_NULL_CONVERSION = YES;
				CLANG_WARN_OBJC_IMPLICIT_RETAIN_SELF = YES;
				CLANG_WARN_OBJC_LITERAL_CONVERSION = YES;
				CLANG_WARN_OBJC_ROOT_CLASS = YES_ERROR;
				CLANG_WARN_RANGE_LOOP_ANALYSIS = YES;
				CLANG_WARN_STRICT_PROTOTYPES = YES;
				CLANG_WARN_SUSPICIOUS_MOVE = YES;
				CLANG_WARN_UNGUARDED_AVAILABILITY = YES_AGGRESSIVE;
				CLANG_WARN_UNREACHABLE_CODE = YES;
				CLANG_WARN__DUPLICATE_METHOD_MATCH = YES;
				COPY_PHASE_STRIP = NO;
				DEBUG_INFORMATION_FORMAT = dwarf;
				ENABLE_STRICT_OBJC_MSGSEND = YES;
				ENABLE_TESTABILITY = YES;
				GCC_C_LANGUAGE_STANDARD = gnu11;
				GCC_DYNAMIC_NO_PIC = NO;
				GCC_NO_COMMON_BLOCKS = YES;
				GCC_OPTIMIZATION_LEVEL = 0;
				GCC_PREPROCESSOR_DEFINITIONS = (
					"DEBUG=1",
					"$(inherited)",
				);
				GCC_WARN_64_TO_32_BIT_CONVERSION = YES;
				GCC_WARN_ABOUT_RETURN_TYPE = YES_ERROR;
				GCC_WARN_UNDECLARED_SELECTOR = YES;
				GCC_WARN_UNINITIALIZED_AUTOS = YES_AGGRESSIVE;
				GCC_WARN_UNUSED_FUNCTION = YES;
				GCC_WARN_UNUSED_VARIABLE = YES;
				IPHONEOS_DEPLOYMENT_TARGET = 13.2;
				MTL_ENABLE_DEBUG_INFO = INCLUDE_SOURCE;
				MTL_FAST_MATH = YES;
				ONLY_ACTIVE_ARCH = YES;
				SDKROOT = iphoneos;
				SWIFT_ACTIVE_COMPILATION_CONDITIONS = DEBUG;
				SWIFT_OPTIMIZATION_LEVEL = "-Onone";
			};
			name = Debug;
		};
		B86134492416C81F00F17AFB /* Release */ = {
			isa = XCBuildConfiguration;
			buildSettings = {
				ALWAYS_SEARCH_USER_PATHS = NO;
				CLANG_ANALYZER_NONNULL = YES;
				CLANG_ANALYZER_NUMBER_OBJECT_CONVERSION = YES_AGGRESSIVE;
				CLANG_CXX_LANGUAGE_STANDARD = "gnu++14";
				CLANG_CXX_LIBRARY = "libc++";
				CLANG_ENABLE_MODULES = YES;
				CLANG_ENABLE_OBJC_ARC = YES;
				CLANG_ENABLE_OBJC_WEAK = YES;
				CLANG_WARN_BLOCK_CAPTURE_AUTORELEASING = YES;
				CLANG_WARN_BOOL_CONVERSION = YES;
				CLANG_WARN_COMMA = YES;
				CLANG_WARN_CONSTANT_CONVERSION = YES;
				CLANG_WARN_DEPRECATED_OBJC_IMPLEMENTATIONS = YES;
				CLANG_WARN_DIRECT_OBJC_ISA_USAGE = YES_ERROR;
				CLANG_WARN_DOCUMENTATION_COMMENTS = YES;
				CLANG_WARN_EMPTY_BODY = YES;
				CLANG_WARN_ENUM_CONVERSION = YES;
				CLANG_WARN_INFINITE_RECURSION = YES;
				CLANG_WARN_INT_CONVERSION = YES;
				CLANG_WARN_NON_LITERAL_NULL_CONVERSION = YES;
				CLANG_WARN_OBJC_IMPLICIT_RETAIN_SELF = YES;
				CLANG_WARN_OBJC_LITERAL_CONVERSION = YES;
				CLANG_WARN_OBJC_ROOT_CLASS = YES_ERROR;
				CLANG_WARN_RANGE_LOOP_ANALYSIS = YES;
				CLANG_WARN_STRICT_PROTOTYPES = YES;
				CLANG_WARN_SUSPICIOUS_MOVE = YES;
				CLANG_WARN_UNGUARDED_AVAILABILITY = YES_AGGRESSIVE;
				CLANG_WARN_UNREACHABLE_CODE = YES;
				CLANG_WARN__DUPLICATE_METHOD_MATCH = YES;
				COPY_PHASE_STRIP = NO;
				DEBUG_INFORMATION_FORMAT = "dwarf-with-dsym";
				ENABLE_NS_ASSERTIONS = NO;
				ENABLE_STRICT_OBJC_MSGSEND = YES;
				GCC_C_LANGUAGE_STANDARD = gnu11;
				GCC_NO_COMMON_BLOCKS = YES;
				GCC_WARN_64_TO_32_BIT_CONVERSION = YES;
				GCC_WARN_ABOUT_RETURN_TYPE = YES_ERROR;
				GCC_WARN_UNDECLARED_SELECTOR = YES;
				GCC_WARN_UNINITIALIZED_AUTOS = YES_AGGRESSIVE;
				GCC_WARN_UNUSED_FUNCTION = YES;
				GCC_WARN_UNUSED_VARIABLE = YES;
				IPHONEOS_DEPLOYMENT_TARGET = 13.2;
				MTL_ENABLE_DEBUG_INFO = NO;
				MTL_FAST_MATH = YES;
				SDKROOT = iphoneos;
				SWIFT_COMPILATION_MODE = wholemodule;
				SWIFT_OPTIMIZATION_LEVEL = "-O";
				VALIDATE_PRODUCT = YES;
			};
			name = Release;
		};
		B861344B2416C81F00F17AFB /* Debug */ = {
			isa = XCBuildConfiguration;
			buildSettings = {
				ASSETCATALOG_COMPILER_APPICON_NAME = AppIcon;
				CODE_SIGN_STYLE = Automatic;
				DEVELOPMENT_TEAM = QZ7SMYA7GB;
				INFOPLIST_FILE = Klavaroj2/Info.plist;
				LD_RUNPATH_SEARCH_PATHS = (
					"$(inherited)",
					"@executable_path/Frameworks",
				);
				PRODUCT_BUNDLE_IDENTIFIER = com.pavley.Klavaroj2;
				PRODUCT_NAME = "$(TARGET_NAME)";
				SWIFT_VERSION = 5.0;
				TARGETED_DEVICE_FAMILY = "1,2";
			};
			name = Debug;
		};
		B861344C2416C81F00F17AFB /* Release */ = {
			isa = XCBuildConfiguration;
			buildSettings = {
				ASSETCATALOG_COMPILER_APPICON_NAME = AppIcon;
				CODE_SIGN_STYLE = Automatic;
				DEVELOPMENT_TEAM = QZ7SMYA7GB;
				INFOPLIST_FILE = Klavaroj2/Info.plist;
				LD_RUNPATH_SEARCH_PATHS = (
					"$(inherited)",
					"@executable_path/Frameworks",
				);
				PRODUCT_BUNDLE_IDENTIFIER = com.pavley.Klavaroj2;
				PRODUCT_NAME = "$(TARGET_NAME)";
				SWIFT_VERSION = 5.0;
				TARGETED_DEVICE_FAMILY = "1,2";
			};
			name = Release;
		};
		B861344E2416C81F00F17AFB /* Debug */ = {
			isa = XCBuildConfiguration;
			buildSettings = {
				ALWAYS_EMBED_SWIFT_STANDARD_LIBRARIES = YES;
				BUNDLE_LOADER = "$(TEST_HOST)";
				CODE_SIGN_STYLE = Automatic;
				DEVELOPMENT_TEAM = QZ7SMYA7GB;
				INFOPLIST_FILE = Klavaroj2Tests/Info.plist;
				IPHONEOS_DEPLOYMENT_TARGET = 13.2;
				LD_RUNPATH_SEARCH_PATHS = (
					"$(inherited)",
					"@executable_path/Frameworks",
					"@loader_path/Frameworks",
				);
				PRODUCT_BUNDLE_IDENTIFIER = com.pavley.Klavaroj2Tests;
				PRODUCT_NAME = "$(TARGET_NAME)";
				SWIFT_VERSION = 5.0;
				TARGETED_DEVICE_FAMILY = "1,2";
				TEST_HOST = "$(BUILT_PRODUCTS_DIR)/Klavaroj2.app/Klavaroj2";
			};
			name = Debug;
		};
		B861344F2416C81F00F17AFB /* Release */ = {
			isa = XCBuildConfiguration;
			buildSettings = {
				ALWAYS_EMBED_SWIFT_STANDARD_LIBRARIES = YES;
				BUNDLE_LOADER = "$(TEST_HOST)";
				CODE_SIGN_STYLE = Automatic;
				DEVELOPMENT_TEAM = QZ7SMYA7GB;
				INFOPLIST_FILE = Klavaroj2Tests/Info.plist;
				IPHONEOS_DEPLOYMENT_TARGET = 13.2;
				LD_RUNPATH_SEARCH_PATHS = (
					"$(inherited)",
					"@executable_path/Frameworks",
					"@loader_path/Frameworks",
				);
				PRODUCT_BUNDLE_IDENTIFIER = com.pavley.Klavaroj2Tests;
				PRODUCT_NAME = "$(TARGET_NAME)";
				SWIFT_VERSION = 5.0;
				TARGETED_DEVICE_FAMILY = "1,2";
				TEST_HOST = "$(BUILT_PRODUCTS_DIR)/Klavaroj2.app/Klavaroj2";
			};
			name = Release;
		};
/* End XCBuildConfiguration section */

/* Begin XCConfigurationList section */
		B86134262416C81D00F17AFB /* Build configuration list for PBXProject "Klavaroj2" */ = {
			isa = XCConfigurationList;
			buildConfigurations = (
				B86134482416C81F00F17AFB /* Debug */,
				B86134492416C81F00F17AFB /* Release */,
			);
			defaultConfigurationIsVisible = 0;
			defaultConfigurationName = Release;
		};
		B861344A2416C81F00F17AFB /* Build configuration list for PBXNativeTarget "Klavaroj2" */ = {
			isa = XCConfigurationList;
			buildConfigurations = (
				B861344B2416C81F00F17AFB /* Debug */,
				B861344C2416C81F00F17AFB /* Release */,
			);
			defaultConfigurationIsVisible = 0;
			defaultConfigurationName = Release;
		};
		B861344D2416C81F00F17AFB /* Build configuration list for PBXNativeTarget "Klavaroj2Tests" */ = {
			isa = XCConfigurationList;
			buildConfigurations = (
				B861344E2416C81F00F17AFB /* Debug */,
				B861344F2416C81F00F17AFB /* Release */,
			);
			defaultConfigurationIsVisible = 0;
			defaultConfigurationName = Release;
		};
/* End XCConfigurationList section */
	};
	rootObject = B86134232416C81D00F17AFB /* Project object */;
}
